github.com/Kagami/go-face v0.0.0-20200825065730-3dd2d74dccfb h1:DXwA1Te9paM+nsdTGc7uve37lq7WEbQO+gwGBPVwQuQ=
github.com/Kagami/go-face v0.0.0-20200825065730-3dd2d74dccfb/go.mod h1:9wdDJkRgo3SGTcFwbQ7elVIQhIr2bbBjecuY7VoqmPU=
github.com/nikhs247/goface v0.0.0-20201201003150-eeb0ab66311c h1:6d+nG8Qculyf79IJ6VK3tDR/C2va/Pj1SXZ80fLq+40=
github.com/nikhs247/goface v0.0.0-20201201003150-eeb0ab66311c/go.mod h1:lJZks3Q3ACJ43qSbkR2KpL/rwMUjuqeyXdIZk8kpmx4=
